// !$*UTF8*$!
{
	archiveVersion = 1;
	classes = {
	};
	objectVersion = 46;
	objects = {

/* Begin PBXBuildFile section */
		AB9CDC6C1603A54200809FE1 /* UIKit.framework in Frameworks */ = {isa = PBXBuildFile; fileRef = AB9CDC6B1603A54200809FE1 /* UIKit.framework */; };
		AB9CDC6E1603A54200809FE1 /* Foundation.framework in Frameworks */ = {isa = PBXBuildFile; fileRef = AB9CDC6D1603A54200809FE1 /* Foundation.framework */; };
		AB9CDC701603A54200809FE1 /* CoreGraphics.framework in Frameworks */ = {isa = PBXBuildFile; fileRef = AB9CDC6F1603A54200809FE1 /* CoreGraphics.framework */; };
		AB9CDC761603A54200809FE1 /* InfoPlist.strings in Resources */ = {isa = PBXBuildFile; fileRef = AB9CDC741603A54200809FE1 /* InfoPlist.strings */; };
		AB9CDC781603A54200809FE1 /* main.m in Sources */ = {isa = PBXBuildFile; fileRef = AB9CDC771603A54200809FE1 /* main.m */; };
		AB9CDC7C1603A54200809FE1 /* AppDelegate.m in Sources */ = {isa = PBXBuildFile; fileRef = AB9CDC7B1603A54200809FE1 /* AppDelegate.m */; };
		AB9CDC7F1603A54200809FE1 /* MainStoryboard_iPhone.storyboard in Resources */ = {isa = PBXBuildFile; fileRef = AB9CDC7D1603A54200809FE1 /* MainStoryboard_iPhone.storyboard */; };
		AB9CDC821603A54200809FE1 /* MainStoryboard_iPad.storyboard in Resources */ = {isa = PBXBuildFile; fileRef = AB9CDC801603A54200809FE1 /* MainStoryboard_iPad.storyboard */; };
		AB9CDC851603A54200809FE1 /* ViewController.m in Sources */ = {isa = PBXBuildFile; fileRef = AB9CDC841603A54200809FE1 /* ViewController.m */; };
		AB9D4BB31609008B00219E08 /* CalciBrain.m in Sources */ = {isa = PBXBuildFile; fileRef = AB9D4BB21609008B00219E08 /* CalciBrain.m */; };
/* End PBXBuildFile section */

/* Begin PBXFileReference section */
		AB9CDC671603A54200809FE1 /* ForexCal.app */ = {isa = PBXFileReference; explicitFileType = wrapper.application; includeInIndex = 0; path = ForexCal.app; sourceTree = BUILT_PRODUCTS_DIR; };
		AB9CDC6B1603A54200809FE1 /* UIKit.framework */ = {isa = PBXFileReference; lastKnownFileType = wrapper.framework; name = UIKit.framework; path = System/Library/Frameworks/UIKit.framework; sourceTree = SDKROOT; };
		AB9CDC6D1603A54200809FE1 /* Foundation.framework */ = {isa = PBXFileReference; lastKnownFileType = wrapper.framework; name = Foundation.framework; path = System/Library/Frameworks/Foundation.framework; sourceTree = SDKROOT; };
		AB9CDC6F1603A54200809FE1 /* CoreGraphics.framework */ = {isa = PBXFileReference; lastKnownFileType = wrapper.framework; name = CoreGraphics.framework; path = System/Library/Frameworks/CoreGraphics.framework; sourceTree = SDKROOT; };
		AB9CDC731603A54200809FE1 /* ForexCal-Info.plist */ = {isa = PBXFileReference; lastKnownFileType = text.plist.xml; path = "ForexCal-Info.plist"; sourceTree = "<group>"; };
		AB9CDC751603A54200809FE1 /* en */ = {isa = PBXFileReference; lastKnownFileType = text.plist.strings; name = en; path = en.lproj/InfoPlist.strings; sourceTree = "<group>"; };
		AB9CDC771603A54200809FE1 /* main.m */ = {isa = PBXFileReference; lastKnownFileType = sourcecode.c.objc; path = main.m; sourceTree = "<group>"; };
		AB9CDC791603A54200809FE1 /* ForexCal-Prefix.pch */ = {isa = PBXFileReference; lastKnownFileType = sourcecode.c.h; path = "ForexCal-Prefix.pch"; sourceTree = "<group>"; };
		AB9CDC7A1603A54200809FE1 /* AppDelegate.h */ = {isa = PBXFileReference; lastKnownFileType = sourcecode.c.h; path = AppDelegate.h; sourceTree = "<group>"; };
		AB9CDC7B1603A54200809FE1 /* AppDelegate.m */ = {isa = PBXFileReference; lastKnownFileType = sourcecode.c.objc; path = AppDelegate.m; sourceTree = "<group>"; };
		AB9CDC7E1603A54200809FE1 /* en */ = {isa = PBXFileReference; lastKnownFileType = file.storyboard; name = en; path = en.lproj/MainStoryboard_iPhone.storyboard; sourceTree = "<group>"; };
		AB9CDC811603A54200809FE1 /* en */ = {isa = PBXFileReference; lastKnownFileType = file.storyboard; name = en; path = en.lproj/MainStoryboard_iPad.storyboard; sourceTree = "<group>"; };
		AB9CDC831603A54200809FE1 /* ViewController.h */ = {isa = PBXFileReference; lastKnownFileType = sourcecode.c.h; path = ViewController.h; sourceTree = "<group>"; };
		AB9CDC841603A54200809FE1 /* ViewController.m */ = {isa = PBXFileReference; lastKnownFileType = sourcecode.c.objc; path = ViewController.m; sourceTree = "<group>"; };
		AB9D4BB11609008B00219E08 /* CalciBrain.h */ = {isa = PBXFileReference; fileEncoding = 4; lastKnownFileType = sourcecode.c.h; path = CalciBrain.h; sourceTree = "<group>"; };
		AB9D4BB21609008B00219E08 /* CalciBrain.m */ = {isa = PBXFileReference; fileEncoding = 4; lastKnownFileType = sourcecode.c.objc; path = CalciBrain.m; sourceTree = "<group>"; };
/* End PBXFileReference section */

/* Begin PBXFrameworksBuildPhase section */
		AB9CDC641603A54200809FE1 /* Frameworks */ = {
			isa = PBXFrameworksBuildPhase;
			buildActionMask = 2147483647;
			files = (
				AB9CDC6C1603A54200809FE1 /* UIKit.framework in Frameworks */,
				AB9CDC6E1603A54200809FE1 /* Foundation.framework in Frameworks */,
				AB9CDC701603A54200809FE1 /* CoreGraphics.framework in Frameworks */,
			);
			runOnlyForDeploymentPostprocessing = 0;
		};
/* End PBXFrameworksBuildPhase section */

/* Begin PBXGroup section */
		AB9CDC5C1603A54200809FE1 = {
			isa = PBXGroup;
			children = (
				AB9CDC711603A54200809FE1 /* ForexCal */,
				AB9CDC6A1603A54200809FE1 /* Frameworks */,
				AB9CDC681603A54200809FE1 /* Products */,
			);
			sourceTree = "<group>";
		};
		AB9CDC681603A54200809FE1 /* Products */ = {
			isa = PBXGroup;
			children = (
				AB9CDC671603A54200809FE1 /* ForexCal.app */,
			);
			name = Products;
			sourceTree = "<group>";
		};
		AB9CDC6A1603A54200809FE1 /* Frameworks */ = {
			isa = PBXGroup;
			children = (
				AB9CDC6B1603A54200809FE1 /* UIKit.framework */,
				AB9CDC6D1603A54200809FE1 /* Foundation.framework */,
				AB9CDC6F1603A54200809FE1 /* CoreGraphics.framework */,
			);
			name = Frameworks;
			sourceTree = "<group>";
		};
		AB9CDC711603A54200809FE1 /* ForexCal */ = {
			isa = PBXGroup;
			children = (
				AB9D4BB11609008B00219E08 /* CalciBrain.h */,
				AB9D4BB21609008B00219E08 /* CalciBrain.m */,
				AB9CDC7A1603A54200809FE1 /* AppDelegate.h */,
				AB9CDC7B1603A54200809FE1 /* AppDelegate.m */,
				AB9CDC7D1603A54200809FE1 /* MainStoryboard_iPhone.storyboard */,
				AB9CDC801603A54200809FE1 /* MainStoryboard_iPad.storyboard */,
				AB9CDC831603A54200809FE1 /* ViewController.h */,
				AB9CDC841603A54200809FE1 /* ViewController.m */,
				AB9CDC721603A54200809FE1 /* Supporting Files */,
			);
			path = ForexCal;
			sourceTree = "<group>";
		};
		AB9CDC721603A54200809FE1 /* Supporting Files */ = {
			isa = PBXGroup;
			children = (
				AB9CDC731603A54200809FE1 /* ForexCal-Info.plist */,
				AB9CDC741603A54200809FE1 /* InfoPlist.strings */,
				AB9CDC771603A54200809FE1 /* main.m */,
				AB9CDC791603A54200809FE1 /* ForexCal-Prefix.pch */,
			);
			name = "Supporting Files";
			sourceTree = "<group>";
		};
/* End PBXGroup section */

/* Begin PBXNativeTarget section */
		AB9CDC661603A54200809FE1 /* ForexCal */ = {
			isa = PBXNativeTarget;
			buildConfigurationList = AB9CDC881603A54200809FE1 /* Build configuration list for PBXNativeTarget "ForexCal" */;
			buildPhases = (
				AB9CDC631603A54200809FE1 /* Sources */,
				AB9CDC641603A54200809FE1 /* Frameworks */,
				AB9CDC651603A54200809FE1 /* Resources */,
			);
			buildRules = (
			);
			dependencies = (
			);
			name = ForexCal;
			productName = ForexCal;
			productReference = AB9CDC671603A54200809FE1 /* ForexCal.app */;
			productType = "com.apple.product-type.application";
		};
/* End PBXNativeTarget section */

/* Begin PBXProject section */
		AB9CDC5E1603A54200809FE1 /* Project object */ = {
			isa = PBXProject;
			attributes = {
				LastUpgradeCheck = 0440;
				ORGANIZATIONNAME = "Dharmendhar Pulakunta";
			};
			buildConfigurationList = AB9CDC611603A54200809FE1 /* Build configuration list for PBXProject "ForexCal" */;
			compatibilityVersion = "Xcode 3.2";
			developmentRegion = English;
			hasScannedForEncodings = 0;
			knownRegions = (
				en,
			);
			mainGroup = AB9CDC5C1603A54200809FE1;
			productRefGroup = AB9CDC681603A54200809FE1 /* Products */;
			projectDirPath = "";
			projectRoot = "";
			targets = (
				AB9CDC661603A54200809FE1 /* ForexCal */,
			);
		};
/* End PBXProject section */

/* Begin PBXResourcesBuildPhase section */
		AB9CDC651603A54200809FE1 /* Resources */ = {
			isa = PBXResourcesBuildPhase;
			buildActionMask = 2147483647;
			files = (
				AB9CDC761603A54200809FE1 /* InfoPlist.strings in Resources */,
				AB9CDC7F1603A54200809FE1 /* MainStoryboard_iPhone.storyboard in Resources */,
				AB9CDC821603A54200809FE1 /* MainStoryboard_iPad.storyboard in Resources */,
			);
			runOnlyForDeploymentPostprocessing = 0;
		};
/* End PBXResourcesBuildPhase section */

/* Begin PBXSourcesBuildPhase section */
		AB9CDC631603A54200809FE1 /* Sources */ = {
			isa = PBXSourcesBuildPhase;
			buildActionMask = 2147483647;
			files = (
				AB9CDC781603A54200809FE1 /* main.m in Sources */,
				AB9CDC7C1603A54200809FE1 /* AppDelegate.m in Sources */,
				AB9CDC851603A54200809FE1 /* ViewController.m in Sources */,
				AB9D4BB31609008B00219E08 /* CalciBrain.m in Sources */,
			);
			runOnlyForDeploymentPostprocessing = 0;
		};
/* End PBXSourcesBuildPhase section */

/* Begin PBXVariantGroup section */
		AB9CDC741603A54200809FE1 /* InfoPlist.strings */ = {
			isa = PBXVariantGroup;
			children = (
				AB9CDC751603A54200809FE1 /* en */,
			);
			name = InfoPlist.strings;
			sourceTree = "<group>";
		};
		AB9CDC7D1603A54200809FE1 /* MainStoryboard_iPhone.storyboard */ = {
			isa = PBXVariantGroup;
			children = (
				AB9CDC7E1603A54200809FE1 /* en */,
			);
			name = MainStoryboard_iPhone.storyboard;
			sourceTree = "<group>";
		};
		AB9CDC801603A54200809FE1 /* MainStoryboard_iPad.storyboard */ = {
			isa = PBXVariantGroup;
			children = (
				AB9CDC811603A54200809FE1 /* en */,
			);
			name = MainStoryboard_iPad.storyboard;
			sourceTree = "<group>";
		};
/* End PBXVariantGroup section */

/* Begin XCBuildConfiguration section */
		AB9CDC861603A54200809FE1 /* Debug */ = {
			isa = XCBuildConfiguration;
			buildSettings = {
				ALWAYS_SEARCH_USER_PATHS = NO;
				ARCHS = "$(ARCHS_STANDARD_32_BIT)";
				CLANG_CXX_LANGUAGE_STANDARD = "gnu++0x";
				CLANG_ENABLE_OBJC_ARC = YES;
				CLANG_WARN__DUPLICATE_METHOD_MATCH = YES;
				"CODE_SIGN_IDENTITY[sdk=iphoneos*]" = "iPhone Developer";
				COPY_PHASE_STRIP = NO;
				GCC_C_LANGUAGE_STANDARD = gnu99;
				GCC_DYNAMIC_NO_PIC = NO;
				GCC_OPTIMIZATION_LEVEL = 0;
				GCC_PREPROCESSOR_DEFINITIONS = (
					"DEBUG=1",
					"$(inherited)",
				);
				GCC_SYMBOLS_PRIVATE_EXTERN = NO;
				GCC_VERSION = com.apple.compilers.llvm.clang.1_0;
				GCC_WARN_ABOUT_RETURN_TYPE = YES;
				GCC_WARN_UNINITIALIZED_AUTOS = YES;
				GCC_WARN_UNUSED_VARIABLE = YES;
				IPHONEOS_DEPLOYMENT_TARGET = 5.1;
				SDKROOT = iphoneos;
				TARGETED_DEVICE_FAMILY = "1,2";
			};
			name = Debug;
		};
		AB9CDC871603A54200809FE1 /* Release */ = {
			isa = XCBuildConfiguration;
			buildSettings = {
				ALWAYS_SEARCH_USER_PATHS = NO;
				ARCHS = "$(ARCHS_STANDARD_32_BIT)";
				CLANG_CXX_LANGUAGE_STANDARD = "gnu++0x";
				CLANG_ENABLE_OBJC_ARC = YES;
				CLANG_WARN__DUPLICATE_METHOD_MATCH = YES;
				"CODE_SIGN_IDENTITY[sdk=iphoneos*]" = "iPhone Developer";
				COPY_PHASE_STRIP = YES;
				GCC_C_LANGUAGE_STANDARD = gnu99;
				GCC_VERSION = com.apple.compilers.llvm.clang.1_0;
				GCC_WARN_ABOUT_RETURN_TYPE = YES;
				GCC_WARN_UNINITIALIZED_AUTOS = YES;
				GCC_WARN_UNUSED_VARIABLE = YES;
				IPHONEOS_DEPLOYMENT_TARGET = 5.1;
				OTHER_CFLAGS = "-DNS_BLOCK_ASSERTIONS=1";
				SDKROOT = iphoneos;
				TARGETED_DEVICE_FAMILY = "1,2";
				VALIDATE_PRODUCT = YES;
			};
			name = Release;
		};
		AB9CDC891603A54200809FE1 /* Debug */ = {
			isa = XCBuildConfiguration;
			buildSettings = {
				GCC_PRECOMPILE_PREFIX_HEADER = YES;
				GCC_PREFIX_HEADER = "ForexCal/ForexCal-Prefix.pch";
				INFOPLIST_FILE = "ForexCal/ForexCal-Info.plist";
				PRODUCT_NAME = "$(TARGET_NAME)";
				WRAPPER_EXTENSION = app;
			};
			name = Debug;
		};
		AB9CDC8A1603A54200809FE1 /* Release */ = {
			isa = XCBuildConfiguration;
			buildSettings = {
				GCC_PRECOMPILE_PREFIX_HEADER = YES;
				GCC_PREFIX_HEADER = "ForexCal/ForexCal-Prefix.pch";
				INFOPLIST_FILE = "ForexCal/ForexCal-Info.plist";
				PRODUCT_NAME = "$(TARGET_NAME)";
				WRAPPER_EXTENSION = app;
			};
			name = Release;
		};
/* End XCBuildConfiguration section */

/* Begin XCConfigurationList section */
		AB9CDC611603A54200809FE1 /* Build configuration list for PBXProject "ForexCal" */ = {
			isa = XCConfigurationList;
			buildConfigurations = (
				AB9CDC861603A54200809FE1 /* Debug */,
				AB9CDC871603A54200809FE1 /* Release */,
			);
			defaultConfigurationIsVisible = 0;
			defaultConfigurationName = Release;
		};
		AB9CDC881603A54200809FE1 /* Build configuration list for PBXNativeTarget "ForexCal" */ = {
			isa = XCConfigurationList;
			buildConfigurations = (
				AB9CDC891603A54200809FE1 /* Debug */,
				AB9CDC8A1603A54200809FE1 /* Release */,
			);
			defaultConfigurationIsVisible = 0;
			defaultConfigurationName = Release;
		};
/* End XCConfigurationList section */
	};
	rootObject = AB9CDC5E1603A54200809FE1 /* Project object */;
}
